// !$*UTF8*$!
{
	archiveVersion = 1;
	classes = {
	};
	objectVersion = 56;
	objects = {

/* Begin PBXBuildFile section */
		040149622BA7281700DD2A4E /* AppDelegate.swift in Sources */ = {isa = PBXBuildFile; fileRef = 040149612BA7281700DD2A4E /* AppDelegate.swift */; };
		040149642BA7281700DD2A4E /* SceneDelegate.swift in Sources */ = {isa = PBXBuildFile; fileRef = 040149632BA7281700DD2A4E /* SceneDelegate.swift */; };
		040149662BA7281700DD2A4E /* ViewController.swift in Sources */ = {isa = PBXBuildFile; fileRef = 040149652BA7281700DD2A4E /* ViewController.swift */; };
		040149692BA7281700DD2A4E /* Base in Resources */ = {isa = PBXBuildFile; fileRef = 040149682BA7281700DD2A4E /* Base */; };
		0401496B2BA7281700DD2A4E /* Assets.xcassets in Resources */ = {isa = PBXBuildFile; fileRef = 0401496A2BA7281700DD2A4E /* Assets.xcassets */; };
		0401496E2BA7281700DD2A4E /* Base in Resources */ = {isa = PBXBuildFile; fileRef = 0401496D2BA7281700DD2A4E /* Base */; };
		040149772BA7283800DD2A4E /* ToastManager.swift in Sources */ = {isa = PBXBuildFile; fileRef = 040149762BA7283800DD2A4E /* ToastManager.swift */; };
		040149792BA7291800DD2A4E /* AppEnum.swift in Sources */ = {isa = PBXBuildFile; fileRef = 040149782BA7291800DD2A4E /* AppEnum.swift */; };
		0401497D2BA7295300DD2A4E /* AppExtension.swift in Sources */ = {isa = PBXBuildFile; fileRef = 0401497C2BA7295300DD2A4E /* AppExtension.swift */; };
		0401497F2BA72A9800DD2A4E /* AppConstant.swift in Sources */ = {isa = PBXBuildFile; fileRef = 0401497E2BA72A9800DD2A4E /* AppConstant.swift */; };
		040149812BA72EF000DD2A4E /* AppManager.swift in Sources */ = {isa = PBXBuildFile; fileRef = 040149802BA72EF000DD2A4E /* AppManager.swift */; };
		040149832BA72F3000DD2A4E /* Toast.swift in Sources */ = {isa = PBXBuildFile; fileRef = 040149822BA72F3000DD2A4E /* Toast.swift */; };
/* End PBXBuildFile section */

/* Begin PBXFileReference section */
		0401495E2BA7281700DD2A4E /* ToastManager.app */ = {isa = PBXFileReference; explicitFileType = wrapper.application; includeInIndex = 0; path = ToastManager.app; sourceTree = BUILT_PRODUCTS_DIR; };
		040149612BA7281700DD2A4E /* AppDelegate.swift */ = {isa = PBXFileReference; lastKnownFileType = sourcecode.swift; path = AppDelegate.swift; sourceTree = "<group>"; };
		040149632BA7281700DD2A4E /* SceneDelegate.swift */ = {isa = PBXFileReference; lastKnownFileType = sourcecode.swift; path = SceneDelegate.swift; sourceTree = "<group>"; };
		040149652BA7281700DD2A4E /* ViewController.swift */ = {isa = PBXFileReference; lastKnownFileType = sourcecode.swift; path = ViewController.swift; sourceTree = "<group>"; };
		040149682BA7281700DD2A4E /* Base */ = {isa = PBXFileReference; lastKnownFileType = file.storyboard; name = Base; path = Base.lproj/Main.storyboard; sourceTree = "<group>"; };
		0401496A2BA7281700DD2A4E /* Assets.xcassets */ = {isa = PBXFileReference; lastKnownFileType = folder.assetcatalog; path = Assets.xcassets; sourceTree = "<group>"; };
		0401496D2BA7281700DD2A4E /* Base */ = {isa = PBXFileReference; lastKnownFileType = file.storyboard; name = Base; path = Base.lproj/LaunchScreen.storyboard; sourceTree = "<group>"; };
		0401496F2BA7281700DD2A4E /* Info.plist */ = {isa = PBXFileReference; lastKnownFileType = text.plist.xml; path = Info.plist; sourceTree = "<group>"; };
		040149762BA7283800DD2A4E /* ToastManager.swift */ = {isa = PBXFileReference; lastKnownFileType = sourcecode.swift; path = ToastManager.swift; sourceTree = "<group>"; };
		040149782BA7291800DD2A4E /* AppEnum.swift */ = {isa = PBXFileReference; lastKnownFileType = sourcecode.swift; path = AppEnum.swift; sourceTree = "<group>"; };
		0401497C2BA7295300DD2A4E /* AppExtension.swift */ = {isa = PBXFileReference; lastKnownFileType = sourcecode.swift; path = AppExtension.swift; sourceTree = "<group>"; };
		0401497E2BA72A9800DD2A4E /* AppConstant.swift */ = {isa = PBXFileReference; lastKnownFileType = sourcecode.swift; path = AppConstant.swift; sourceTree = "<group>"; };
		040149802BA72EF000DD2A4E /* AppManager.swift */ = {isa = PBXFileReference; lastKnownFileType = sourcecode.swift; path = AppManager.swift; sourceTree = "<group>"; };
		040149822BA72F3000DD2A4E /* Toast.swift */ = {isa = PBXFileReference; fileEncoding = 4; lastKnownFileType = sourcecode.swift; path = Toast.swift; sourceTree = "<group>"; };
/* End PBXFileReference section */

/* Begin PBXFrameworksBuildPhase section */
		0401495B2BA7281700DD2A4E /* Frameworks */ = {
			isa = PBXFrameworksBuildPhase;
			buildActionMask = 2147483647;
			files = (
			);
			runOnlyForDeploymentPostprocessing = 0;
		};
/* End PBXFrameworksBuildPhase section */

/* Begin PBXGroup section */
		040149552BA7281600DD2A4E = {
			isa = PBXGroup;
			children = (
				040149602BA7281700DD2A4E /* ToastManager */,
				0401495F2BA7281700DD2A4E /* Products */,
			);
			sourceTree = "<group>";
		};
		0401495F2BA7281700DD2A4E /* Products */ = {
			isa = PBXGroup;
			children = (
				0401495E2BA7281700DD2A4E /* ToastManager.app */,
			);
			name = Products;
			sourceTree = "<group>";
		};
		040149602BA7281700DD2A4E /* ToastManager */ = {
			isa = PBXGroup;
			children = (
				040149752BA7282900DD2A4E /* Helper */,
				040149612BA7281700DD2A4E /* AppDelegate.swift */,
				040149632BA7281700DD2A4E /* SceneDelegate.swift */,
				040149652BA7281700DD2A4E /* ViewController.swift */,
				040149672BA7281700DD2A4E /* Main.storyboard */,
				0401496A2BA7281700DD2A4E /* Assets.xcassets */,
				0401496C2BA7281700DD2A4E /* LaunchScreen.storyboard */,
				0401496F2BA7281700DD2A4E /* Info.plist */,
			);
			path = ToastManager;
			sourceTree = "<group>";
		};
		040149752BA7282900DD2A4E /* Helper */ = {
			isa = PBXGroup;
			children = (
				040149822BA72F3000DD2A4E /* Toast.swift */,
				040149762BA7283800DD2A4E /* ToastManager.swift */,
				040149782BA7291800DD2A4E /* AppEnum.swift */,
				0401497C2BA7295300DD2A4E /* AppExtension.swift */,
				0401497E2BA72A9800DD2A4E /* AppConstant.swift */,
				040149802BA72EF000DD2A4E /* AppManager.swift */,
			);
			path = Helper;
			sourceTree = "<group>";
		};
/* End PBXGroup section */

/* Begin PBXNativeTarget section */
		0401495D2BA7281700DD2A4E /* ToastManager */ = {
			isa = PBXNativeTarget;
			buildConfigurationList = 040149722BA7281700DD2A4E /* Build configuration list for PBXNativeTarget "ToastManager" */;
			buildPhases = (
				0401495A2BA7281700DD2A4E /* Sources */,
				0401495B2BA7281700DD2A4E /* Frameworks */,
				0401495C2BA7281700DD2A4E /* Resources */,
			);
			buildRules = (
			);
			dependencies = (
			);
			name = ToastManager;
			productName = ToastManager;
			productReference = 0401495E2BA7281700DD2A4E /* ToastManager.app */;
			productType = "com.apple.product-type.application";
		};
/* End PBXNativeTarget section */

/* Begin PBXProject section */
		040149562BA7281600DD2A4E /* Project object */ = {
			isa = PBXProject;
			attributes = {
				BuildIndependentTargetsInParallel = 1;
				LastSwiftUpdateCheck = 1530;
				LastUpgradeCheck = 1530;
				TargetAttributes = {
					0401495D2BA7281700DD2A4E = {
						CreatedOnToolsVersion = 15.3;
					};
				};
			};
			buildConfigurationList = 040149592BA7281600DD2A4E /* Build configuration list for PBXProject "ToastManager" */;
			compatibilityVersion = "Xcode 14.0";
			developmentRegion = en;
			hasScannedForEncodings = 0;
			knownRegions = (
				en,
				Base,
			);
			mainGroup = 040149552BA7281600DD2A4E;
			productRefGroup = 0401495F2BA7281700DD2A4E /* Products */;
			projectDirPath = "";
			projectRoot = "";
			targets = (
				0401495D2BA7281700DD2A4E /* ToastManager */,
			);
		};
/* End PBXProject section */

/* Begin PBXResourcesBuildPhase section */
		0401495C2BA7281700DD2A4E /* Resources */ = {
			isa = PBXResourcesBuildPhase;
			buildActionMask = 2147483647;
			files = (
				0401496B2BA7281700DD2A4E /* Assets.xcassets in Resources */,
				0401496E2BA7281700DD2A4E /* Base in Resources */,
				040149692BA7281700DD2A4E /* Base in Resources */,
			);
			runOnlyForDeploymentPostprocessing = 0;
		};
/* End PBXResourcesBuildPhase section */

/* Begin PBXSourcesBuildPhase section */
		0401495A2BA7281700DD2A4E /* Sources */ = {
			isa = PBXSourcesBuildPhase;
			buildActionMask = 2147483647;
			files = (
				040149662BA7281700DD2A4E /* ViewController.swift in Sources */,
				040149622BA7281700DD2A4E /* AppDelegate.swift in Sources */,
				0401497F2BA72A9800DD2A4E /* AppConstant.swift in Sources */,
				040149642BA7281700DD2A4E /* SceneDelegate.swift in Sources */,
				0401497D2BA7295300DD2A4E /* AppExtension.swift in Sources */,
				040149792BA7291800DD2A4E /* AppEnum.swift in Sources */,
				040149772BA7283800DD2A4E /* ToastManager.swift in Sources */,
				040149832BA72F3000DD2A4E /* Toast.swift in Sources */,
				040149812BA72EF000DD2A4E /* AppManager.swift in Sources */,
			);
			runOnlyForDeploymentPostprocessing = 0;
		};
/* End PBXSourcesBuildPhase section */

/* Begin PBXVariantGroup section */
		040149672BA7281700DD2A4E /* Main.storyboard */ = {
			isa = PBXVariantGroup;
			children = (
				040149682BA7281700DD2A4E /* Base */,
			);
			name = Main.storyboard;
			sourceTree = "<group>";
		};
		0401496C2BA7281700DD2A4E /* LaunchScreen.storyboard */ = {
			isa = PBXVariantGroup;
			children = (
				0401496D2BA7281700DD2A4E /* Base */,
			);
			name = LaunchScreen.storyboard;
			sourceTree = "<group>";
		};
/* End PBXVariantGroup section */

/* Begin XCBuildConfiguration section */
		040149702BA7281700DD2A4E /* Debug */ = {
			isa = XCBuildConfiguration;
			buildSettings = {
				ALWAYS_SEARCH_USER_PATHS = NO;
				ASSETCATALOG_COMPILER_GENERATE_SWIFT_ASSET_SYMBOL_EXTENSIONS = YES;
				CLANG_ANALYZER_NONNULL = YES;
				CLANG_ANALYZER_NUMBER_OBJECT_CONVERSION = YES_AGGRESSIVE;
				CLANG_CXX_LANGUAGE_STANDARD = "gnu++20";
				CLANG_ENABLE_MODULES = YES;
				CLANG_ENABLE_OBJC_ARC = YES;
				CLANG_ENABLE_OBJC_WEAK = YES;
				CLANG_WARN_BLOCK_CAPTURE_AUTORELEASING = YES;
				CLANG_WARN_BOOL_CONVERSION = YES;
				CLANG_WARN_COMMA = YES;
				CLANG_WARN_CONSTANT_CONVERSION = YES;
				CLANG_WARN_DEPRECATED_OBJC_IMPLEMENTATIONS = YES;
				CLANG_WARN_DIRECT_OBJC_ISA_USAGE = YES_ERROR;
				CLANG_WARN_DOCUMENTATION_COMMENTS = YES;
				CLANG_WARN_EMPTY_BODY = YES;
				CLANG_WARN_ENUM_CONVERSION = YES;
				CLANG_WARN_INFINITE_RECURSION = YES;
				CLANG_WARN_INT_CONVERSION = YES;
				CLANG_WARN_NON_LITERAL_NULL_CONVERSION = YES;
				CLANG_WARN_OBJC_IMPLICIT_RETAIN_SELF = YES;
				CLANG_WARN_OBJC_LITERAL_CONVERSION = YES;
				CLANG_WARN_OBJC_ROOT_CLASS = YES_ERROR;
				CLANG_WARN_QUOTED_INCLUDE_IN_FRAMEWORK_HEADER = YES;
				CLANG_WARN_RANGE_LOOP_ANALYSIS = YES;
				CLANG_WARN_STRICT_PROTOTYPES = YES;
				CLANG_WARN_SUSPICIOUS_MOVE = YES;
				CLANG_WARN_UNGUARDED_AVAILABILITY = YES_AGGRESSIVE;
				CLANG_WARN_UNREACHABLE_CODE = YES;
				CLANG_WARN__DUPLICATE_METHOD_MATCH = YES;
				COPY_PHASE_STRIP = NO;
				DEBUG_INFORMATION_FORMAT = dwarf;
				ENABLE_STRICT_OBJC_MSGSEND = YES;
				ENABLE_TESTABILITY = YES;
				ENABLE_USER_SCRIPT_SANDBOXING = YES;
				GCC_C_LANGUAGE_STANDARD = gnu17;
				GCC_DYNAMIC_NO_PIC = NO;
				GCC_NO_COMMON_BLOCKS = YES;
				GCC_OPTIMIZATION_LEVEL = 0;
				GCC_PREPROCESSOR_DEFINITIONS = (
					"DEBUG=1",
					"$(inherited)",
				);
				GCC_WARN_64_TO_32_BIT_CONVERSION = YES;
				GCC_WARN_ABOUT_RETURN_TYPE = YES_ERROR;
				GCC_WARN_UNDECLARED_SELECTOR = YES;
				GCC_WARN_UNINITIALIZED_AUTOS = YES_AGGRESSIVE;
				GCC_WARN_UNUSED_FUNCTION = YES;
				GCC_WARN_UNUSED_VARIABLE = YES;
				IPHONEOS_DEPLOYMENT_TARGET = 17.4;
				LOCALIZATION_PREFERS_STRING_CATALOGS = YES;
				MTL_ENABLE_DEBUG_INFO = INCLUDE_SOURCE;
				MTL_FAST_MATH = YES;
				ONLY_ACTIVE_ARCH = YES;
				SDKROOT = iphoneos;
				SWIFT_ACTIVE_COMPILATION_CONDITIONS = "DEBUG $(inherited)";
				SWIFT_OPTIMIZATION_LEVEL = "-Onone";
			};
			name = Debug;
		};
		040149712BA7281700DD2A4E /* Release */ = {
			isa = XCBuildConfiguration;
			buildSettings = {
				ALWAYS_SEARCH_USER_PATHS = NO;
				ASSETCATALOG_COMPILER_GENERATE_SWIFT_ASSET_SYMBOL_EXTENSIONS = YES;
				CLANG_ANALYZER_NONNULL = YES;
				CLANG_ANALYZER_NUMBER_OBJECT_CONVERSION = YES_AGGRESSIVE;
				CLANG_CXX_LANGUAGE_STANDARD = "gnu++20";
				CLANG_ENABLE_MODULES = YES;
				CLANG_ENABLE_OBJC_ARC = YES;
				CLANG_ENABLE_OBJC_WEAK = YES;
				CLANG_WARN_BLOCK_CAPTURE_AUTORELEASING = YES;
				CLANG_WARN_BOOL_CONVERSION = YES;
				CLANG_WARN_COMMA = YES;
				CLANG_WARN_CONSTANT_CONVERSION = YES;
				CLANG_WARN_DEPRECATED_OBJC_IMPLEMENTATIONS = YES;
				CLANG_WARN_DIRECT_OBJC_ISA_USAGE = YES_ERROR;
				CLANG_WARN_DOCUMENTATION_COMMENTS = YES;
				CLANG_WARN_EMPTY_BODY = YES;
				CLANG_WARN_ENUM_CONVERSION = YES;
				CLANG_WARN_INFINITE_RECURSION = YES;
				CLANG_WARN_INT_CONVERSION = YES;
				CLANG_WARN_NON_LITERAL_NULL_CONVERSION = YES;
				CLANG_WARN_OBJC_IMPLICIT_RETAIN_SELF = YES;
				CLANG_WARN_OBJC_LITERAL_CONVERSION = YES;
				CLANG_WARN_OBJC_ROOT_CLASS = YES_ERROR;
				CLANG_WARN_QUOTED_INCLUDE_IN_FRAMEWORK_HEADER = YES;
				CLANG_WARN_RANGE_LOOP_ANALYSIS = YES;
				CLANG_WARN_STRICT_PROTOTYPES = YES;
				CLANG_WARN_SUSPICIOUS_MOVE = YES;
				CLANG_WARN_UNGUARDED_AVAILABILITY = YES_AGGRESSIVE;
				CLANG_WARN_UNREACHABLE_CODE = YES;
				CLANG_WARN__DUPLICATE_METHOD_MATCH = YES;
				COPY_PHASE_STRIP = NO;
				DEBUG_INFORMATION_FORMAT = "dwarf-with-dsym";
				ENABLE_NS_ASSERTIONS = NO;
				ENABLE_STRICT_OBJC_MSGSEND = YES;
				ENABLE_USER_SCRIPT_SANDBOXING = YES;
				GCC_C_LANGUAGE_STANDARD = gnu17;
				GCC_NO_COMMON_BLOCKS = YES;
				GCC_WARN_64_TO_32_BIT_CONVERSION = YES;
				GCC_WARN_ABOUT_RETURN_TYPE = YES_ERROR;
				GCC_WARN_UNDECLARED_SELECTOR = YES;
				GCC_WARN_UNINITIALIZED_AUTOS = YES_AGGRESSIVE;
				GCC_WARN_UNUSED_FUNCTION = YES;
				GCC_WARN_UNUSED_VARIABLE = YES;
				IPHONEOS_DEPLOYMENT_TARGET = 17.4;
				LOCALIZATION_PREFERS_STRING_CATALOGS = YES;
				MTL_ENABLE_DEBUG_INFO = NO;
				MTL_FAST_MATH = YES;
				SDKROOT = iphoneos;
				SWIFT_COMPILATION_MODE = wholemodule;
				VALIDATE_PRODUCT = YES;
			};
			name = Release;
		};
		040149732BA7281700DD2A4E /* Debug */ = {
			isa = XCBuildConfiguration;
			buildSettings = {
				ASSETCATALOG_COMPILER_APPICON_NAME = AppIcon;
				ASSETCATALOG_COMPILER_GLOBAL_ACCENT_COLOR_NAME = AccentColor;
				CODE_SIGN_STYLE = Automatic;
				CURRENT_PROJECT_VERSION = 1;
				GENERATE_INFOPLIST_FILE = YES;
				INFOPLIST_FILE = ToastManager/Info.plist;
				INFOPLIST_KEY_UIApplicationSupportsIndirectInputEvents = YES;
				INFOPLIST_KEY_UILaunchStoryboardName = LaunchScreen;
				INFOPLIST_KEY_UIMainStoryboardFile = Main;
				INFOPLIST_KEY_UISupportedInterfaceOrientations_iPad = "UIInterfaceOrientationPortrait UIInterfaceOrientationPortraitUpsideDown UIInterfaceOrientationLandscapeLeft UIInterfaceOrientationLandscapeRight";
				INFOPLIST_KEY_UISupportedInterfaceOrientations_iPhone = "UIInterfaceOrientationPortrait UIInterfaceOrientationLandscapeLeft UIInterfaceOrientationLandscapeRight";
				LD_RUNPATH_SEARCH_PATHS = (
					"$(inherited)",
					"@executable_path/Frameworks",
				);
				MARKETING_VERSION = 1.0;
				PRODUCT_BUNDLE_IDENTIFIER = com.ToastManager;
				PRODUCT_NAME = "$(TARGET_NAME)";
				SWIFT_EMIT_LOC_STRINGS = YES;
				SWIFT_VERSION = 5.0;
				TARGETED_DEVICE_FAMILY = "1,2";
			};
			name = Debug;
		};
		040149742BA7281700DD2A4E /* Release */ = {
			isa = XCBuildConfiguration;
			buildSettings = {
				ASSETCATALOG_COMPILER_APPICON_NAME = AppIcon;
				ASSETCATALOG_COMPILER_GLOBAL_ACCENT_COLOR_NAME = AccentColor;
				CODE_SIGN_STYLE = Automatic;
				CURRENT_PROJECT_VERSION = 1;
				GENERATE_INFOPLIST_FILE = YES;
				INFOPLIST_FILE = ToastManager/Info.plist;
				INFOPLIST_KEY_UIApplicationSupportsIndirectInputEvents = YES;
				INFOPLIST_KEY_UILaunchStoryboardName = LaunchScreen;
				INFOPLIST_KEY_UIMainStoryboardFile = Main;
				INFOPLIST_KEY_UISupportedInterfaceOrientations_iPad = "UIInterfaceOrientationPortrait UIInterfaceOrientationPortraitUpsideDown UIInterfaceOrientationLandscapeLeft UIInterfaceOrientationLandscapeRight";
				INFOPLIST_KEY_UISupportedInterfaceOrientations_iPhone = "UIInterfaceOrientationPortrait UIInterfaceOrientationLandscapeLeft UIInterfaceOrientationLandscapeRight";
				LD_RUNPATH_SEARCH_PATHS = (
					"$(inherited)",
					"@executable_path/Frameworks",
				);
				MARKETING_VERSION = 1.0;
				PRODUCT_BUNDLE_IDENTIFIER = com.ToastManager;
				PRODUCT_NAME = "$(TARGET_NAME)";
				SWIFT_EMIT_LOC_STRINGS = YES;
				SWIFT_VERSION = 5.0;
				TARGETED_DEVICE_FAMILY = "1,2";
			};
			name = Release;
		};
/* End XCBuildConfiguration section */

/* Begin XCConfigurationList section */
		040149592BA7281600DD2A4E /* Build configuration list for PBXProject "ToastManager" */ = {
			isa = XCConfigurationList;
			buildConfigurations = (
				040149702BA7281700DD2A4E /* Debug */,
				040149712BA7281700DD2A4E /* Release */,
			);
			defaultConfigurationIsVisible = 0;
			defaultConfigurationName = Release;
		};
		040149722BA7281700DD2A4E /* Build configuration list for PBXNativeTarget "ToastManager" */ = {
			isa = XCConfigurationList;
			buildConfigurations = (
				040149732BA7281700DD2A4E /* Debug */,
				040149742BA7281700DD2A4E /* Release */,
			);
			defaultConfigurationIsVisible = 0;
			defaultConfigurationName = Release;
		};
/* End XCConfigurationList section */
	};
	rootObject = 040149562BA7281600DD2A4E /* Project object */;
}
